github.com/mitchellh/hashstructure v1.0.0 h1:ZkRJX1CyOoTkar7p/mLS5TZU4nJ1Rn/F8u9dGS02Q3Y=
github.com/mitchellh/hashstructure v1.0.0/go.mod h1:QjSHrPWS+BGUVBYkbTZWEnOh3G1DutKwClXU/ABz6AQ=
github.com/ngrok/sqlmw v0.0.0-20220520173518-97c9c04efc79 h1:Dmx8g2747UTVPzSkmohk84S3g/uWqd6+f4SSLPhLcfA=
github.com/ngrok/sqlmw v0.0.0-20220520173518-97c9c04efc79/go.mod h1:E26fwEtRNigBfFfHDWsklmo0T7Ixbg0XXgck+Hq4O9k=
